
Microsoft Visual Studio Solution File, Format Version 12.00
# Visual Studio Version 18
VisualStudioVersion = 18.5.11723.231
MinimumVisualStudioVersion = 10.0.40219.1
Project("{FAE04EC0-301F-11D3-BF4B-00C04F79EFBC}") = "WindroseLauncher", "WindroseLauncher.csproj", "{05954931-B8BA-E125-B668-677400B02F28}"
EndProject
Global
	GlobalSection(SolutionConfigurationPlatforms) = preSolution
		Debug|Any CPU = Debug|Any CPU
		Release|Any CPU = Release|Any CPU
	EndGlobalSection
	GlobalSection(ProjectConfigurationPlatforms) = postSolution
		{05954931-B8BA-E125-B668-677400B02F28}.Debug|Any CPU.ActiveCfg = Debug|Any CPU
		{05954931-B8BA-E125-B668-677400B02F28}.Debug|Any CPU.Build.0 = Debug|Any CPU
		{05954931-B8BA-E125-B668-677400B02F28}.Release|Any CPU.ActiveCfg = Release|Any CPU
		{05954931-B8BA-E125-B668-677400B02F28}.Release|Any CPU.Build.0 = Release|Any CPU
	EndGlobalSection
	GlobalSection(SolutionProperties) = preSolution
		HideSolutionNode = FALSE
	EndGlobalSection
	GlobalSection(ExtensibilityGlobals) = postSolution
		SolutionGuid = {7B07F89E-44C6-4548-AF66-A37CE0903D9F}
	EndGlobalSection
EndGlobal
